
Microsoft Visual Studio Solution File, Format Version 12.00
# Visual Studio 15
VisualStudioVersion = 15.0.26124.0
MinimumVisualStudioVersion = 15.0.26124.0
Project("{2150E333-8FDC-42A3-9474-1A3956D46DE8}") = "src", "src", "{CB66C0CA-30D6-4215-9986-BDD739C8E63E}"
EndProject
Project("{FAE04EC0-301F-11D3-BF4B-00C04F79EFBC}") = "tomware.OpenIddict.UI.Core", "src\OpenIddict.UI.Core\tomware.OpenIddict.UI.Core.csproj", "{83AA1AA2-71A2-47E7-ABCB-634DC1A7D9CD}"
EndProject
Project("{FAE04EC0-301F-11D3-BF4B-00C04F79EFBC}") = "tomware.OpenIddict.UI.Infrastructure", "src\OpenIddict.UI.Infrastructure\tomware.OpenIddict.UI.Infrastructure.csproj", "{75CE4F76-DD48-4821-9E60-ACFB18990274}"
EndProject
Project("{FAE04EC0-301F-11D3-BF4B-00C04F79EFBC}") = "tomware.OpenIddict.UI.Api", "src\OpenIddict.UI.Api\tomware.OpenIddict.UI.Api.csproj", "{B354957C-B5BA-469F-A618-DC33F400F0C3}"
EndProject
Project("{2150E333-8FDC-42A3-9474-1A3956D46DE8}") = "samples", "samples", "{46B1FFC8-4718-4C96-A1B0-8A93C3B3B32B}"
EndProject
Project("{FAE04EC0-301F-11D3-BF4B-00C04F79EFBC}") = "Mvc.Server", "samples\Server\Mvc.Server.csproj", "{B20AFF8D-CB26-44CE-BBB8-E71E56F1A255}"
EndProject
Project("{FAE04EC0-301F-11D3-BF4B-00C04F79EFBC}") = "OpenIddict.UI.Tests", "tests\OpenIddict.UI.Tests.csproj", "{895A9934-CF2C-4A45-BF68-36C867F21A88}"
EndProject
Global
	GlobalSection(SolutionConfigurationPlatforms) = preSolution
		Debug|Any CPU = Debug|Any CPU
		Debug|x64 = Debug|x64
		Debug|x86 = Debug|x86
		Release|Any CPU = Release|Any CPU
		Release|x64 = Release|x64
		Release|x86 = Release|x86
	EndGlobalSection
	GlobalSection(SolutionProperties) = preSolution
		HideSolutionNode = FALSE
	EndGlobalSection
	GlobalSection(ProjectConfigurationPlatforms) = postSolution
		{83AA1AA2-71A2-47E7-ABCB-634DC1A7D9CD}.Debug|Any CPU.ActiveCfg = Debug|Any CPU
		{83AA1AA2-71A2-47E7-ABCB-634DC1A7D9CD}.Debug|Any CPU.Build.0 = Debug|Any CPU
		{83AA1AA2-71A2-47E7-ABCB-634DC1A7D9CD}.Debug|x64.ActiveCfg = Debug|Any CPU
		{83AA1AA2-71A2-47E7-ABCB-634DC1A7D9CD}.Debug|x64.Build.0 = Debug|Any CPU
		{83AA1AA2-71A2-47E7-ABCB-634DC1A7D9CD}.Debug|x86.ActiveCfg = Debug|Any CPU
		{83AA1AA2-71A2-47E7-ABCB-634DC1A7D9CD}.Debug|x86.Build.0 = Debug|Any CPU
		{83AA1AA2-71A2-47E7-ABCB-634DC1A7D9CD}.Release|Any CPU.ActiveCfg = Release|Any CPU
		{83AA1AA2-71A2-47E7-ABCB-634DC1A7D9CD}.Release|Any CPU.Build.0 = Release|Any CPU
		{83AA1AA2-71A2-47E7-ABCB-634DC1A7D9CD}.Release|x64.ActiveCfg = Release|Any CPU
		{83AA1AA2-71A2-47E7-ABCB-634DC1A7D9CD}.Release|x64.Build.0 = Release|Any CPU
		{83AA1AA2-71A2-47E7-ABCB-634DC1A7D9CD}.Release|x86.ActiveCfg = Release|Any CPU
		{83AA1AA2-71A2-47E7-ABCB-634DC1A7D9CD}.Release|x86.Build.0 = Release|Any CPU
		{75CE4F76-DD48-4821-9E60-ACFB18990274}.Debug|Any CPU.ActiveCfg = Debug|Any CPU
		{75CE4F76-DD48-4821-9E60-ACFB18990274}.Debug|Any CPU.Build.0 = Debug|Any CPU
		{75CE4F76-DD48-4821-9E60-ACFB18990274}.Debug|x64.ActiveCfg = Debug|Any CPU
		{75CE4F76-DD48-4821-9E60-ACFB18990274}.Debug|x64.Build.0 = Debug|Any CPU
		{75CE4F76-DD48-4821-9E60-ACFB18990274}.Debug|x86.ActiveCfg = Debug|Any CPU
		{75CE4F76-DD48-4821-9E60-ACFB18990274}.Debug|x86.Build.0 = Debug|Any CPU
		{75CE4F76-DD48-4821-9E60-ACFB18990274}.Release|Any CPU.ActiveCfg = Release|Any CPU
		{75CE4F76-DD48-4821-9E60-ACFB18990274}.Release|Any CPU.Build.0 = Release|Any CPU
		{75CE4F76-DD48-4821-9E60-ACFB18990274}.Release|x64.ActiveCfg = Release|Any CPU
		{75CE4F76-DD48-4821-9E60-ACFB18990274}.Release|x64.Build.0 = Release|Any CPU
		{75CE4F76-DD48-4821-9E60-ACFB18990274}.Release|x86.ActiveCfg = Release|Any CPU
		{75CE4F76-DD48-4821-9E60-ACFB18990274}.Release|x86.Build.0 = Release|Any CPU
		{B354957C-B5BA-469F-A618-DC33F400F0C3}.Debug|Any CPU.ActiveCfg = Debug|Any CPU
		{B354957C-B5BA-469F-A618-DC33F400F0C3}.Debug|Any CPU.Build.0 = Debug|Any CPU
		{B354957C-B5BA-469F-A618-DC33F400F0C3}.Debug|x64.ActiveCfg = Debug|Any CPU
		{B354957C-B5BA-469F-A618-DC33F400F0C3}.Debug|x64.Build.0 = Debug|Any CPU
		{B354957C-B5BA-469F-A618-DC33F400F0C3}.Debug|x86.ActiveCfg = Debug|Any CPU
		{B354957C-B5BA-469F-A618-DC33F400F0C3}.Debug|x86.Build.0 = Debug|Any CPU
		{B354957C-B5BA-469F-A618-DC33F400F0C3}.Release|Any CPU.ActiveCfg = Release|Any CPU
		{B354957C-B5BA-469F-A618-DC33F400F0C3}.Release|Any CPU.Build.0 = Release|Any CPU
		{B354957C-B5BA-469F-A618-DC33F400F0C3}.Release|x64.ActiveCfg = Release|Any CPU
		{B354957C-B5BA-469F-A618-DC33F400F0C3}.Release|x64.Build.0 = Release|Any CPU
		{B354957C-B5BA-469F-A618-DC33F400F0C3}.Release|x86.ActiveCfg = Release|Any CPU
		{B354957C-B5BA-469F-A618-DC33F400F0C3}.Release|x86.Build.0 = Release|Any CPU
		{B20AFF8D-CB26-44CE-BBB8-E71E56F1A255}.Debug|Any CPU.ActiveCfg = Debug|Any CPU
		{B20AFF8D-CB26-44CE-BBB8-E71E56F1A255}.Debug|Any CPU.Build.0 = Debug|Any CPU
		{B20AFF8D-CB26-44CE-BBB8-E71E56F1A255}.Debug|x64.ActiveCfg = Debug|Any CPU
		{B20AFF8D-CB26-44CE-BBB8-E71E56F1A255}.Debug|x64.Build.0 = Debug|Any CPU
		{B20AFF8D-CB26-44CE-BBB8-E71E56F1A255}.Debug|x86.ActiveCfg = Debug|Any CPU
		{B20AFF8D-CB26-44CE-BBB8-E71E56F1A255}.Debug|x86.Build.0 = Debug|Any CPU
		{B20AFF8D-CB26-44CE-BBB8-E71E56F1A255}.Release|Any CPU.ActiveCfg = Release|Any CPU
		{B20AFF8D-CB26-44CE-BBB8-E71E56F1A255}.Release|Any CPU.Build.0 = Release|Any CPU
		{B20AFF8D-CB26-44CE-BBB8-E71E56F1A255}.Release|x64.ActiveCfg = Release|Any CPU
		{B20AFF8D-CB26-44CE-BBB8-E71E56F1A255}.Release|x64.Build.0 = Release|Any CPU
		{B20AFF8D-CB26-44CE-BBB8-E71E56F1A255}.Release|x86.ActiveCfg = Release|Any CPU
		{B20AFF8D-CB26-44CE-BBB8-E71E56F1A255}.Release|x86.Build.0 = Release|Any CPU
		{895A9934-CF2C-4A45-BF68-36C867F21A88}.Debug|Any CPU.ActiveCfg = Debug|Any CPU
		{895A9934-CF2C-4A45-BF68-36C867F21A88}.Debug|Any CPU.Build.0 = Debug|Any CPU
		{895A9934-CF2C-4A45-BF68-36C867F21A88}.Debug|x64.ActiveCfg = Debug|Any CPU
		{895A9934-CF2C-4A45-BF68-36C867F21A88}.Debug|x64.Build.0 = Debug|Any CPU
		{895A9934-CF2C-4A45-BF68-36C867F21A88}.Debug|x86.ActiveCfg = Debug|Any CPU
		{895A9934-CF2C-4A45-BF68-36C867F21A88}.Debug|x86.Build.0 = Debug|Any CPU
		{895A9934-CF2C-4A45-BF68-36C867F21A88}.Release|Any CPU.ActiveCfg = Release|Any CPU
		{895A9934-CF2C-4A45-BF68-36C867F21A88}.Release|Any CPU.Build.0 = Release|Any CPU
		{895A9934-CF2C-4A45-BF68-36C867F21A88}.Release|x64.ActiveCfg = Release|Any CPU
		{895A9934-CF2C-4A45-BF68-36C867F21A88}.Release|x64.Build.0 = Release|Any CPU
		{895A9934-CF2C-4A45-BF68-36C867F21A88}.Release|x86.ActiveCfg = Release|Any CPU
		{895A9934-CF2C-4A45-BF68-36C867F21A88}.Release|x86.Build.0 = Release|Any CPU
	EndGlobalSection
	GlobalSection(NestedProjects) = preSolution
		{83AA1AA2-71A2-47E7-ABCB-634DC1A7D9CD} = {CB66C0CA-30D6-4215-9986-BDD739C8E63E}
		{75CE4F76-DD48-4821-9E60-ACFB18990274} = {CB66C0CA-30D6-4215-9986-BDD739C8E63E}
		{B354957C-B5BA-469F-A618-DC33F400F0C3} = {CB66C0CA-30D6-4215-9986-BDD739C8E63E}
		{B20AFF8D-CB26-44CE-BBB8-E71E56F1A255} = {46B1FFC8-4718-4C96-A1B0-8A93C3B3B32B}
	EndGlobalSection
EndGlobal
